
Microsoft Visual Studio Solution File, Format Version 12.00
# Visual Studio Version 17
VisualStudioVersion = 17.14.36518.9 d17.14
MinimumVisualStudioVersion = 10.0.40219.1
Project("{13B669BE-BB05-4DDF-9536-439F39A36129}") = "Eventos", "Eventos.phpproj", "{8258D7C9-61A1-4367-9E2C-E7FF5C3B9803}"
EndProject
Global
	GlobalSection(SolutionConfigurationPlatforms) = preSolution
		Debug|Any CPU = Debug|Any CPU
		Release|Any CPU = Release|Any CPU
	EndGlobalSection
	GlobalSection(ProjectConfigurationPlatforms) = postSolution
		{8258D7C9-61A1-4367-9E2C-E7FF5C3B9803}.Debug|Any CPU.ActiveCfg = Debug|Any CPU
		{8258D7C9-61A1-4367-9E2C-E7FF5C3B9803}.Debug|Any CPU.Build.0 = Debug|Any CPU
		{8258D7C9-61A1-4367-9E2C-E7FF5C3B9803}.Release|Any CPU.ActiveCfg = Release|Any CPU
		{8258D7C9-61A1-4367-9E2C-E7FF5C3B9803}.Release|Any CPU.Build.0 = Release|Any CPU
	EndGlobalSection
	GlobalSection(SolutionProperties) = preSolution
		HideSolutionNode = FALSE
	EndGlobalSection
	GlobalSection(ExtensibilityGlobals) = postSolution
		SolutionGuid = {82C46002-CC80-440D-BBBD-688F8BD7D3F6}
	EndGlobalSection
EndGlobal
